
Microsoft Visual Studio Solution File, Format Version 12.00
# Visual Studio Version 16
VisualStudioVersion = 16.0.30413.136
MinimumVisualStudioVersion = 10.0.40219.1
Project("{8BC9CEB8-8B4A-11D0-8D11-00A0C91BC942}") = "H3API", "H3API\H3API.vcxproj", "{405B8023-D064-492D-A0DF-89B070B26923}"
EndProject
Project("{FAE04EC0-301F-11D3-BF4B-00C04F79EFBC}") = "H3.Plugin.Template", "H3.Plugin.Template\H3.Plugin.Template.csproj", "{77266006-7574-422B-9CA6-B2CD5C30E736}"
EndProject
Project("{8BC9CEB8-8B4A-11D0-8D11-00A0C91BC942}") = "PluginTemplate", "PluginTemplate\PluginTemplate.vcxproj", "{E91C9FE4-29B0-4BE2-BC6A-20C305D81070}"
EndProject
Project("{2150E333-8FDC-42A3-9474-1A3956D46DE8}") = "Template", "Template", "{74ACEA70-2FE0-48ED-A12F-5A16588D8481}"
EndProject
Project("{2150E333-8FDC-42A3-9474-1A3956D46DE8}") = "Examples", "Examples", "{D266B724-949F-4A01-BA1D-57EEF3FAAF00}"
EndProject
Project("{8BC9CEB8-8B4A-11D0-8D11-00A0C91BC942}") = "AssetLoader", "Examples\AssetLoader\AssetLoader.vcxproj", "{B68120C1-A317-4518-9C80-6AC239D3B8F8}"
EndProject
Project("{8BC9CEB8-8B4A-11D0-8D11-00A0C91BC942}") = "DataLoader", "Examples\DataLoader\DataLoader.vcxproj", "{46D87BB3-D382-4920-8F52-5E3E604A3F7C}"
EndProject
Project("{8BC9CEB8-8B4A-11D0-8D11-00A0C91BC942}") = "DisableHWrules", "Examples\DisableHWrules\DisableHWrules.vcxproj", "{B2EFA480-5793-4953-AD9E-519FD390F34A}"
EndProject
Project("{8BC9CEB8-8B4A-11D0-8D11-00A0C91BC942}") = "ImageLoader", "Examples\ImageLoader\ImageLoader.vcxproj", "{63DE2131-CFD9-466C-AB13-953F77896986}"
EndProject
Project("{8BC9CEB8-8B4A-11D0-8D11-00A0C91BC942}") = "DoubleClickShowcase", "Examples\DoubleClickShowcase\DoubleClickShowcase.vcxproj", "{B657CDAC-E9C5-4A73-8881-3E8E664B1F11}"
EndProject
Project("{8BC9CEB8-8B4A-11D0-8D11-00A0C91BC942}") = "ShiftToggle", "Examples\ShiftToggle\ShiftToggle.vcxproj", "{FEEE051D-F835-460E-AF6F-3A71D3D2AC6C}"
EndProject
Project("{2150E333-8FDC-42A3-9474-1A3956D46DE8}") = "Utilities", "Utilities", "{7F6D38A7-36FE-4317-99ED-52826CFFBF0B}"
EndProject
Project("{2150E333-8FDC-42A3-9474-1A3956D46DE8}") = "GUI", "GUI", "{15EEC099-0181-40CF-84B5-B1839F0F61CF}"
EndProject
Project("{8BC9CEB8-8B4A-11D0-8D11-00A0C91BC942}") = "RMGDescription", "Utilities\RMGDescription\RMGDescription.vcxproj", "{F11A7D7A-19B6-43EA-8D16-F2770B5C29F8}"
EndProject
Project("{8BC9CEB8-8B4A-11D0-8D11-00A0C91BC942}") = "Battlefields", "GUI\Battlefields\Battlefields.vcxproj", "{CA4F8EE5-FCD0-4CE5-AF36-DB586B37E13A}"
EndProject
Project("{8BC9CEB8-8B4A-11D0-8D11-00A0C91BC942}") = "CombatAnimation", "GUI\CombatAnimation\CombatAnimation.vcxproj", "{EBAA9181-F764-4700-9547-2817054A3DF6}"
EndProject
Project("{8BC9CEB8-8B4A-11D0-8D11-00A0C91BC942}") = "TextColor", "GUI\TextColor\TextColor.vcxproj", "{CCACF407-C197-47D4-B3B3-1CFDF7151C91}"
EndProject
Project("{8BC9CEB8-8B4A-11D0-8D11-00A0C91BC942}") = "LodTable", "Utilities\LodTable\LodTable.vcxproj", "{279EE626-9A1C-4CA1-AB07-1ED30CBE4FC4}"
EndProject
Project("{8BC9CEB8-8B4A-11D0-8D11-00A0C91BC942}") = "QwertzLayout", "Utilities\QwertzLayout\QwertzLayout.vcxproj", "{98933DF7-8ABB-497B-BCE4-AD5570597845}"
EndProject
Global
	GlobalSection(SolutionConfigurationPlatforms) = preSolution
		Debug|Any CPU = Debug|Any CPU
		Debug|Win32 = Debug|Win32
		Debug|x64 = Debug|x64
		Release|Any CPU = Release|Any CPU
		Release|Win32 = Release|Win32
		Release|x64 = Release|x64
	EndGlobalSection
	GlobalSection(ProjectConfigurationPlatforms) = postSolution
		{405B8023-D064-492D-A0DF-89B070B26923}.Debug|Any CPU.ActiveCfg = Debug|Win32
		{405B8023-D064-492D-A0DF-89B070B26923}.Debug|Win32.ActiveCfg = Debug|Win32
		{405B8023-D064-492D-A0DF-89B070B26923}.Debug|Win32.Build.0 = Debug|Win32
		{405B8023-D064-492D-A0DF-89B070B26923}.Debug|x64.ActiveCfg = Debug|Win32
		{405B8023-D064-492D-A0DF-89B070B26923}.Release|Any CPU.ActiveCfg = Release|Win32
		{405B8023-D064-492D-A0DF-89B070B26923}.Release|Win32.ActiveCfg = Release|Win32
		{405B8023-D064-492D-A0DF-89B070B26923}.Release|Win32.Build.0 = Release|Win32
		{405B8023-D064-492D-A0DF-89B070B26923}.Release|x64.ActiveCfg = Release|Win32
		{77266006-7574-422B-9CA6-B2CD5C30E736}.Debug|Any CPU.ActiveCfg = Debug|Any CPU
		{77266006-7574-422B-9CA6-B2CD5C30E736}.Debug|Any CPU.Build.0 = Debug|Any CPU
		{77266006-7574-422B-9CA6-B2CD5C30E736}.Debug|Win32.ActiveCfg = Debug|Any CPU
		{77266006-7574-422B-9CA6-B2CD5C30E736}.Debug|Win32.Build.0 = Debug|Any CPU
		{77266006-7574-422B-9CA6-B2CD5C30E736}.Debug|x64.ActiveCfg = Debug|Any CPU
		{77266006-7574-422B-9CA6-B2CD5C30E736}.Debug|x64.Build.0 = Debug|Any CPU
		{77266006-7574-422B-9CA6-B2CD5C30E736}.Release|Any CPU.ActiveCfg = Release|Any CPU
		{77266006-7574-422B-9CA6-B2CD5C30E736}.Release|Any CPU.Build.0 = Release|Any CPU
		{77266006-7574-422B-9CA6-B2CD5C30E736}.Release|Win32.ActiveCfg = Release|Any CPU
		{77266006-7574-422B-9CA6-B2CD5C30E736}.Release|Win32.Build.0 = Release|Any CPU
		{77266006-7574-422B-9CA6-B2CD5C30E736}.Release|x64.ActiveCfg = Release|Any CPU
		{77266006-7574-422B-9CA6-B2CD5C30E736}.Release|x64.Build.0 = Release|Any CPU
		{E91C9FE4-29B0-4BE2-BC6A-20C305D81070}.Debug|Any CPU.ActiveCfg = Debug|Win32
		{E91C9FE4-29B0-4BE2-BC6A-20C305D81070}.Debug|Win32.ActiveCfg = Debug|Win32
		{E91C9FE4-29B0-4BE2-BC6A-20C305D81070}.Debug|x64.ActiveCfg = Debug|Win32
		{E91C9FE4-29B0-4BE2-BC6A-20C305D81070}.Release|Any CPU.ActiveCfg = Release|Win32
		{E91C9FE4-29B0-4BE2-BC6A-20C305D81070}.Release|Win32.ActiveCfg = Release|Win32
		{E91C9FE4-29B0-4BE2-BC6A-20C305D81070}.Release|x64.ActiveCfg = Release|Win32
		{B68120C1-A317-4518-9C80-6AC239D3B8F8}.Debug|Any CPU.ActiveCfg = Debug|Win32
		{B68120C1-A317-4518-9C80-6AC239D3B8F8}.Debug|Win32.ActiveCfg = Debug|Win32
		{B68120C1-A317-4518-9C80-6AC239D3B8F8}.Debug|Win32.Build.0 = Debug|Win32
		{B68120C1-A317-4518-9C80-6AC239D3B8F8}.Debug|x64.ActiveCfg = Debug|Win32
		{B68120C1-A317-4518-9C80-6AC239D3B8F8}.Release|Any CPU.ActiveCfg = Release|Win32
		{B68120C1-A317-4518-9C80-6AC239D3B8F8}.Release|Win32.ActiveCfg = Release|Win32
		{B68120C1-A317-4518-9C80-6AC239D3B8F8}.Release|Win32.Build.0 = Release|Win32
		{B68120C1-A317-4518-9C80-6AC239D3B8F8}.Release|x64.ActiveCfg = Release|Win32
		{46D87BB3-D382-4920-8F52-5E3E604A3F7C}.Debug|Any CPU.ActiveCfg = Debug|Win32
		{46D87BB3-D382-4920-8F52-5E3E604A3F7C}.Debug|Win32.ActiveCfg = Debug|Win32
		{46D87BB3-D382-4920-8F52-5E3E604A3F7C}.Debug|Win32.Build.0 = Debug|Win32
		{46D87BB3-D382-4920-8F52-5E3E604A3F7C}.Debug|x64.ActiveCfg = Debug|Win32
		{46D87BB3-D382-4920-8F52-5E3E604A3F7C}.Release|Any CPU.ActiveCfg = Release|Win32
		{46D87BB3-D382-4920-8F52-5E3E604A3F7C}.Release|Win32.ActiveCfg = Release|Win32
		{46D87BB3-D382-4920-8F52-5E3E604A3F7C}.Release|Win32.Build.0 = Release|Win32
		{46D87BB3-D382-4920-8F52-5E3E604A3F7C}.Release|x64.ActiveCfg = Release|Win32
		{B2EFA480-5793-4953-AD9E-519FD390F34A}.Debug|Any CPU.ActiveCfg = Debug|Win32
		{B2EFA480-5793-4953-AD9E-519FD390F34A}.Debug|Win32.ActiveCfg = Debug|Win32
		{B2EFA480-5793-4953-AD9E-519FD390F34A}.Debug|Win32.Build.0 = Debug|Win32
		{B2EFA480-5793-4953-AD9E-519FD390F34A}.Debug|x64.ActiveCfg = Debug|Win32
		{B2EFA480-5793-4953-AD9E-519FD390F34A}.Release|Any CPU.ActiveCfg = Release|Win32
		{B2EFA480-5793-4953-AD9E-519FD390F34A}.Release|Win32.ActiveCfg = Release|Win32
		{B2EFA480-5793-4953-AD9E-519FD390F34A}.Release|Win32.Build.0 = Release|Win32
		{B2EFA480-5793-4953-AD9E-519FD390F34A}.Release|x64.ActiveCfg = Release|Win32
		{63DE2131-CFD9-466C-AB13-953F77896986}.Debug|Any CPU.ActiveCfg = Debug|Win32
		{63DE2131-CFD9-466C-AB13-953F77896986}.Debug|Win32.ActiveCfg = Debug|Win32
		{63DE2131-CFD9-466C-AB13-953F77896986}.Debug|Win32.Build.0 = Debug|Win32
		{63DE2131-CFD9-466C-AB13-953F77896986}.Debug|x64.ActiveCfg = Debug|Win32
		{63DE2131-CFD9-466C-AB13-953F77896986}.Release|Any CPU.ActiveCfg = Release|Win32
		{63DE2131-CFD9-466C-AB13-953F77896986}.Release|Win32.ActiveCfg = Release|Win32
		{63DE2131-CFD9-466C-AB13-953F77896986}.Release|Win32.Build.0 = Release|Win32
		{63DE2131-CFD9-466C-AB13-953F77896986}.Release|x64.ActiveCfg = Release|Win32
		{B657CDAC-E9C5-4A73-8881-3E8E664B1F11}.Debug|Any CPU.ActiveCfg = Debug|Win32
		{B657CDAC-E9C5-4A73-8881-3E8E664B1F11}.Debug|Win32.ActiveCfg = Debug|Win32
		{B657CDAC-E9C5-4A73-8881-3E8E664B1F11}.Debug|Win32.Build.0 = Debug|Win32
		{B657CDAC-E9C5-4A73-8881-3E8E664B1F11}.Debug|x64.ActiveCfg = Debug|Win32
		{B657CDAC-E9C5-4A73-8881-3E8E664B1F11}.Release|Any CPU.ActiveCfg = Release|Win32
		{B657CDAC-E9C5-4A73-8881-3E8E664B1F11}.Release|Win32.ActiveCfg = Release|Win32
		{B657CDAC-E9C5-4A73-8881-3E8E664B1F11}.Release|Win32.Build.0 = Release|Win32
		{B657CDAC-E9C5-4A73-8881-3E8E664B1F11}.Release|x64.ActiveCfg = Release|Win32
		{FEEE051D-F835-460E-AF6F-3A71D3D2AC6C}.Debug|Any CPU.ActiveCfg = Debug|Win32
		{FEEE051D-F835-460E-AF6F-3A71D3D2AC6C}.Debug|Win32.ActiveCfg = Debug|Win32
		{FEEE051D-F835-460E-AF6F-3A71D3D2AC6C}.Debug|Win32.Build.0 = Debug|Win32
		{FEEE051D-F835-460E-AF6F-3A71D3D2AC6C}.Debug|x64.ActiveCfg = Debug|Win32
		{FEEE051D-F835-460E-AF6F-3A71D3D2AC6C}.Release|Any CPU.ActiveCfg = Release|Win32
		{FEEE051D-F835-460E-AF6F-3A71D3D2AC6C}.Release|Win32.ActiveCfg = Release|Win32
		{FEEE051D-F835-460E-AF6F-3A71D3D2AC6C}.Release|Win32.Build.0 = Release|Win32
		{FEEE051D-F835-460E-AF6F-3A71D3D2AC6C}.Release|x64.ActiveCfg = Release|Win32
		{F11A7D7A-19B6-43EA-8D16-F2770B5C29F8}.Debug|Any CPU.ActiveCfg = Debug|Win32
		{F11A7D7A-19B6-43EA-8D16-F2770B5C29F8}.Debug|Win32.ActiveCfg = Debug|Win32
		{F11A7D7A-19B6-43EA-8D16-F2770B5C29F8}.Debug|Win32.Build.0 = Debug|Win32
		{F11A7D7A-19B6-43EA-8D16-F2770B5C29F8}.Debug|x64.ActiveCfg = Debug|Win32
		{F11A7D7A-19B6-43EA-8D16-F2770B5C29F8}.Release|Any CPU.ActiveCfg = Release|Win32
		{F11A7D7A-19B6-43EA-8D16-F2770B5C29F8}.Release|Win32.ActiveCfg = Release|Win32
		{F11A7D7A-19B6-43EA-8D16-F2770B5C29F8}.Release|Win32.Build.0 = Release|Win32
		{F11A7D7A-19B6-43EA-8D16-F2770B5C29F8}.Release|x64.ActiveCfg = Release|Win32
		{CA4F8EE5-FCD0-4CE5-AF36-DB586B37E13A}.Debug|Any CPU.ActiveCfg = Debug|Win32
		{CA4F8EE5-FCD0-4CE5-AF36-DB586B37E13A}.Debug|Win32.ActiveCfg = Debug|Win32
		{CA4F8EE5-FCD0-4CE5-AF36-DB586B37E13A}.Debug|Win32.Build.0 = Debug|Win32
		{CA4F8EE5-FCD0-4CE5-AF36-DB586B37E13A}.Debug|x64.ActiveCfg = Debug|Win32
		{CA4F8EE5-FCD0-4CE5-AF36-DB586B37E13A}.Release|Any CPU.ActiveCfg = Release|Win32
		{CA4F8EE5-FCD0-4CE5-AF36-DB586B37E13A}.Release|Win32.ActiveCfg = Release|Win32
		{CA4F8EE5-FCD0-4CE5-AF36-DB586B37E13A}.Release|Win32.Build.0 = Release|Win32
		{CA4F8EE5-FCD0-4CE5-AF36-DB586B37E13A}.Release|x64.ActiveCfg = Release|Win32
		{EBAA9181-F764-4700-9547-2817054A3DF6}.Debug|Any CPU.ActiveCfg = Debug|Win32
		{EBAA9181-F764-4700-9547-2817054A3DF6}.Debug|Win32.ActiveCfg = Debug|Win32
		{EBAA9181-F764-4700-9547-2817054A3DF6}.Debug|Win32.Build.0 = Debug|Win32
		{EBAA9181-F764-4700-9547-2817054A3DF6}.Debug|x64.ActiveCfg = Debug|Win32
		{EBAA9181-F764-4700-9547-2817054A3DF6}.Release|Any CPU.ActiveCfg = Release|Win32
		{EBAA9181-F764-4700-9547-2817054A3DF6}.Release|Win32.ActiveCfg = Release|Win32
		{EBAA9181-F764-4700-9547-2817054A3DF6}.Release|Win32.Build.0 = Release|Win32
		{EBAA9181-F764-4700-9547-2817054A3DF6}.Release|x64.ActiveCfg = Release|Win32
		{CCACF407-C197-47D4-B3B3-1CFDF7151C91}.Debug|Any CPU.ActiveCfg = Debug|Win32
		{CCACF407-C197-47D4-B3B3-1CFDF7151C91}.Debug|Win32.ActiveCfg = Debug|Win32
		{CCACF407-C197-47D4-B3B3-1CFDF7151C91}.Debug|Win32.Build.0 = Debug|Win32
		{CCACF407-C197-47D4-B3B3-1CFDF7151C91}.Debug|x64.ActiveCfg = Debug|Win32
		{CCACF407-C197-47D4-B3B3-1CFDF7151C91}.Release|Any CPU.ActiveCfg = Release|Win32
		{CCACF407-C197-47D4-B3B3-1CFDF7151C91}.Release|Win32.ActiveCfg = Release|Win32
		{CCACF407-C197-47D4-B3B3-1CFDF7151C91}.Release|Win32.Build.0 = Release|Win32
		{CCACF407-C197-47D4-B3B3-1CFDF7151C91}.Release|x64.ActiveCfg = Release|Win32
		{279EE626-9A1C-4CA1-AB07-1ED30CBE4FC4}.Debug|Any CPU.ActiveCfg = Debug|Win32
		{279EE626-9A1C-4CA1-AB07-1ED30CBE4FC4}.Debug|Win32.ActiveCfg = Debug|Win32
		{279EE626-9A1C-4CA1-AB07-1ED30CBE4FC4}.Debug|Win32.Build.0 = Debug|Win32
		{279EE626-9A1C-4CA1-AB07-1ED30CBE4FC4}.Debug|x64.ActiveCfg = Debug|Win32
		{279EE626-9A1C-4CA1-AB07-1ED30CBE4FC4}.Release|Any CPU.ActiveCfg = Release|Win32
		{279EE626-9A1C-4CA1-AB07-1ED30CBE4FC4}.Release|Win32.ActiveCfg = Release|Win32
		{279EE626-9A1C-4CA1-AB07-1ED30CBE4FC4}.Release|Win32.Build.0 = Release|Win32
		{279EE626-9A1C-4CA1-AB07-1ED30CBE4FC4}.Release|x64.ActiveCfg = Release|Win32
		{98933DF7-8ABB-497B-BCE4-AD5570597845}.Debug|Any CPU.ActiveCfg = Debug|Win32
		{98933DF7-8ABB-497B-BCE4-AD5570597845}.Debug|Win32.ActiveCfg = Debug|Win32
		{98933DF7-8ABB-497B-BCE4-AD5570597845}.Debug|Win32.Build.0 = Debug|Win32
		{98933DF7-8ABB-497B-BCE4-AD5570597845}.Debug|x64.ActiveCfg = Debug|Win32
		{98933DF7-8ABB-497B-BCE4-AD5570597845}.Release|Any CPU.ActiveCfg = Release|Win32
		{98933DF7-8ABB-497B-BCE4-AD5570597845}.Release|Win32.ActiveCfg = Release|Win32
		{98933DF7-8ABB-497B-BCE4-AD5570597845}.Release|Win32.Build.0 = Release|Win32
		{98933DF7-8ABB-497B-BCE4-AD5570597845}.Release|x64.ActiveCfg = Release|Win32
	EndGlobalSection
	GlobalSection(SolutionProperties) = preSolution
		HideSolutionNode = FALSE
	EndGlobalSection
	GlobalSection(NestedProjects) = preSolution
		{77266006-7574-422B-9CA6-B2CD5C30E736} = {74ACEA70-2FE0-48ED-A12F-5A16588D8481}
		{E91C9FE4-29B0-4BE2-BC6A-20C305D81070} = {74ACEA70-2FE0-48ED-A12F-5A16588D8481}
		{B68120C1-A317-4518-9C80-6AC239D3B8F8} = {D266B724-949F-4A01-BA1D-57EEF3FAAF00}
		{46D87BB3-D382-4920-8F52-5E3E604A3F7C} = {D266B724-949F-4A01-BA1D-57EEF3FAAF00}
		{B2EFA480-5793-4953-AD9E-519FD390F34A} = {D266B724-949F-4A01-BA1D-57EEF3FAAF00}
		{63DE2131-CFD9-466C-AB13-953F77896986} = {D266B724-949F-4A01-BA1D-57EEF3FAAF00}
		{B657CDAC-E9C5-4A73-8881-3E8E664B1F11} = {D266B724-949F-4A01-BA1D-57EEF3FAAF00}
		{FEEE051D-F835-460E-AF6F-3A71D3D2AC6C} = {D266B724-949F-4A01-BA1D-57EEF3FAAF00}
		{F11A7D7A-19B6-43EA-8D16-F2770B5C29F8} = {7F6D38A7-36FE-4317-99ED-52826CFFBF0B}
		{CA4F8EE5-FCD0-4CE5-AF36-DB586B37E13A} = {15EEC099-0181-40CF-84B5-B1839F0F61CF}
		{EBAA9181-F764-4700-9547-2817054A3DF6} = {15EEC099-0181-40CF-84B5-B1839F0F61CF}
		{CCACF407-C197-47D4-B3B3-1CFDF7151C91} = {15EEC099-0181-40CF-84B5-B1839F0F61CF}
		{279EE626-9A1C-4CA1-AB07-1ED30CBE4FC4} = {7F6D38A7-36FE-4317-99ED-52826CFFBF0B}
		{98933DF7-8ABB-497B-BCE4-AD5570597845} = {7F6D38A7-36FE-4317-99ED-52826CFFBF0B}
	EndGlobalSection
	GlobalSection(ExtensibilityGlobals) = postSolution
		SolutionGuid = {08B9FA2A-9B86-4E98-A0B4-CC521F69CD8D}
	EndGlobalSection
EndGlobal
